
Microsoft Visual Studio Solution File, Format Version 12.00
# Visual Studio Version 17
VisualStudioVersion = 17.14.36811.4 d17.14
MinimumVisualStudioVersion = 10.0.40219.1
Project("{FAE04EC0-301F-11D3-BF4B-00C04F79EFBC}") = "프로젝트관리", "프로젝트관리.csproj", "{771FCC55-FC27-4394-AD4C-EBB13542FA28}"
EndProject
Global
	GlobalSection(SolutionConfigurationPlatforms) = preSolution
		Debug|Any CPU = Debug|Any CPU
		Release|Any CPU = Release|Any CPU
	EndGlobalSection
	GlobalSection(ProjectConfigurationPlatforms) = postSolution
		{771FCC55-FC27-4394-AD4C-EBB13542FA28}.Debug|Any CPU.ActiveCfg = Debug|Any CPU
		{771FCC55-FC27-4394-AD4C-EBB13542FA28}.Debug|Any CPU.Build.0 = Debug|Any CPU
		{771FCC55-FC27-4394-AD4C-EBB13542FA28}.Release|Any CPU.ActiveCfg = Release|Any CPU
		{771FCC55-FC27-4394-AD4C-EBB13542FA28}.Release|Any CPU.Build.0 = Release|Any CPU
	EndGlobalSection
	GlobalSection(SolutionProperties) = preSolution
		HideSolutionNode = FALSE
	EndGlobalSection
	GlobalSection(ExtensibilityGlobals) = postSolution
		SolutionGuid = {65367307-701A-4BC3-B865-D8D808DF4DBF}
	EndGlobalSection
EndGlobal
